{
  "nodes": {
    "nixpkgs": {
      "locked": {
        "lastModified": 1601783931,
        "narHash": "sha256-mgs+FvWvXx1mZO2ce3G3uWz1DVfci+1tUv8SZMJHc6o=",
        "owner": "NixOS",
        "repo": "nixpkgs",
        "rev": "f25744eda0b965ff1f2b3d907efcd94ac79cdb8a",
        "type": "github"
      },
      "original": {
        "id": "nixpkgs",
        "type": "indirect"
      }
    },
    "root": {
      "inputs": {
        "nixpkgs": "nixpkgs"
      }
    }
  },
  "root": "root",
  "version": 7
}
